
Microsoft Visual Studio Solution File, Format Version 12.00
# Visual Studio 15
VisualStudioVersion = 15.0.26730.15
MinimumVisualStudioVersion = 10.0.40219.1
Project("{2150E333-8FDC-42A3-9474-1A3956D46DE8}") = "DataModel", "DataModel", "{1256E909-998C-4758-A967-082069A1230F}"
EndProject
Project("{2150E333-8FDC-42A3-9474-1A3956D46DE8}") = "DataServices", "DataServices", "{4265175F-DD55-4F3D-9E48-979D1EAC676F}"
EndProject
Project("{2150E333-8FDC-42A3-9474-1A3956D46DE8}") = "DbContextCodeFirst", "DbContextCodeFirst", "{D7AEE6D6-21DD-4D95-987B-60561350AA76}"
EndProject
Project("{2150E333-8FDC-42A3-9474-1A3956D46DE8}") = "LibCommon", "LibCommon", "{0F72DC73-BDA4-491D-B124-84FB3CE2C443}"
EndProject
Project("{2150E333-8FDC-42A3-9474-1A3956D46DE8}") = "LibRepository", "LibRepository", "{CC707625-CD80-4C55-8D43-0ED646F96034}"
EndProject
Project("{2150E333-8FDC-42A3-9474-1A3956D46DE8}") = "LibResponse", "LibResponse", "{F8ABED37-F566-4997-87D4-DE754C5E87FB}"
EndProject
Project("{2150E333-8FDC-42A3-9474-1A3956D46DE8}") = "ApiWebService", "ApiWebService", "{CF3A8964-81A9-4D1D-A261-40BAD4EFC7CF}"
EndProject
Project("{FAE04EC0-301F-11D3-BF4B-00C04F79EFBC}") = "LibRepository", "LibRepository\LibRepository.csproj", "{C661B84C-C24B-4E19-ACF4-3D47E74CE65C}"
EndProject
Project("{FAE04EC0-301F-11D3-BF4B-00C04F79EFBC}") = "LibResponse", "LibResponse\LibResponse.csproj", "{E03BEE79-2B49-4AD0-ACD0-4098E122B9B1}"
EndProject
Project("{2150E333-8FDC-42A3-9474-1A3956D46DE8}") = "UnitOfWork", "UnitOfWork", "{2009DBED-E5F8-470A-A62F-C73F45EA277F}"
EndProject
Project("{FAE04EC0-301F-11D3-BF4B-00C04F79EFBC}") = "UnitOfWork", "UnitOfWork\UnitOfWork.csproj", "{0829FC2D-4C03-43A5-87ED-16832CF0BA11}"
EndProject
Project("{FAE04EC0-301F-11D3-BF4B-00C04F79EFBC}") = "DataModel", "DataModel\DataModel.csproj", "{23AE0934-D6F0-4C48-963C-FE15250C3599}"
EndProject
Project("{FAE04EC0-301F-11D3-BF4B-00C04F79EFBC}") = "Entity", "Entity\Entity.csproj", "{C0E0048E-76E3-4BD9-A279-D9F4F5EB0578}"
EndProject
Project("{FAE04EC0-301F-11D3-BF4B-00C04F79EFBC}") = "DataServices", "DataServices\DataServices.csproj", "{DD7958B2-E8B4-4F4A-8777-2AE84286FCBE}"
EndProject
Project("{FAE04EC0-301F-11D3-BF4B-00C04F79EFBC}") = "ApiWeb", "ApiWeb\ApiWeb.csproj", "{C3C9EAF3-907B-465B-8139-FD2A5C390B97}"
EndProject
Global
	GlobalSection(SolutionConfigurationPlatforms) = preSolution
		Debug|Any CPU = Debug|Any CPU
		Release|Any CPU = Release|Any CPU
	EndGlobalSection
	GlobalSection(ProjectConfigurationPlatforms) = postSolution
		{C661B84C-C24B-4E19-ACF4-3D47E74CE65C}.Debug|Any CPU.ActiveCfg = Debug|Any CPU
		{C661B84C-C24B-4E19-ACF4-3D47E74CE65C}.Debug|Any CPU.Build.0 = Debug|Any CPU
		{C661B84C-C24B-4E19-ACF4-3D47E74CE65C}.Release|Any CPU.ActiveCfg = Release|Any CPU
		{C661B84C-C24B-4E19-ACF4-3D47E74CE65C}.Release|Any CPU.Build.0 = Release|Any CPU
		{E03BEE79-2B49-4AD0-ACD0-4098E122B9B1}.Debug|Any CPU.ActiveCfg = Debug|Any CPU
		{E03BEE79-2B49-4AD0-ACD0-4098E122B9B1}.Debug|Any CPU.Build.0 = Debug|Any CPU
		{E03BEE79-2B49-4AD0-ACD0-4098E122B9B1}.Release|Any CPU.ActiveCfg = Release|Any CPU
		{E03BEE79-2B49-4AD0-ACD0-4098E122B9B1}.Release|Any CPU.Build.0 = Release|Any CPU
		{0829FC2D-4C03-43A5-87ED-16832CF0BA11}.Debug|Any CPU.ActiveCfg = Debug|Any CPU
		{0829FC2D-4C03-43A5-87ED-16832CF0BA11}.Debug|Any CPU.Build.0 = Debug|Any CPU
		{0829FC2D-4C03-43A5-87ED-16832CF0BA11}.Release|Any CPU.ActiveCfg = Release|Any CPU
		{0829FC2D-4C03-43A5-87ED-16832CF0BA11}.Release|Any CPU.Build.0 = Release|Any CPU
		{23AE0934-D6F0-4C48-963C-FE15250C3599}.Debug|Any CPU.ActiveCfg = Debug|Any CPU
		{23AE0934-D6F0-4C48-963C-FE15250C3599}.Debug|Any CPU.Build.0 = Debug|Any CPU
		{23AE0934-D6F0-4C48-963C-FE15250C3599}.Release|Any CPU.ActiveCfg = Release|Any CPU
		{23AE0934-D6F0-4C48-963C-FE15250C3599}.Release|Any CPU.Build.0 = Release|Any CPU
		{C0E0048E-76E3-4BD9-A279-D9F4F5EB0578}.Debug|Any CPU.ActiveCfg = Debug|Any CPU
		{C0E0048E-76E3-4BD9-A279-D9F4F5EB0578}.Debug|Any CPU.Build.0 = Debug|Any CPU
		{C0E0048E-76E3-4BD9-A279-D9F4F5EB0578}.Release|Any CPU.ActiveCfg = Release|Any CPU
		{C0E0048E-76E3-4BD9-A279-D9F4F5EB0578}.Release|Any CPU.Build.0 = Release|Any CPU
		{DD7958B2-E8B4-4F4A-8777-2AE84286FCBE}.Debug|Any CPU.ActiveCfg = Debug|Any CPU
		{DD7958B2-E8B4-4F4A-8777-2AE84286FCBE}.Debug|Any CPU.Build.0 = Debug|Any CPU
		{DD7958B2-E8B4-4F4A-8777-2AE84286FCBE}.Release|Any CPU.ActiveCfg = Release|Any CPU
		{DD7958B2-E8B4-4F4A-8777-2AE84286FCBE}.Release|Any CPU.Build.0 = Release|Any CPU
		{C3C9EAF3-907B-465B-8139-FD2A5C390B97}.Debug|Any CPU.ActiveCfg = Debug|Any CPU
		{C3C9EAF3-907B-465B-8139-FD2A5C390B97}.Debug|Any CPU.Build.0 = Debug|Any CPU
		{C3C9EAF3-907B-465B-8139-FD2A5C390B97}.Release|Any CPU.ActiveCfg = Release|Any CPU
		{C3C9EAF3-907B-465B-8139-FD2A5C390B97}.Release|Any CPU.Build.0 = Release|Any CPU
	EndGlobalSection
	GlobalSection(SolutionProperties) = preSolution
		HideSolutionNode = FALSE
	EndGlobalSection
	GlobalSection(NestedProjects) = preSolution
		{C661B84C-C24B-4E19-ACF4-3D47E74CE65C} = {CC707625-CD80-4C55-8D43-0ED646F96034}
		{E03BEE79-2B49-4AD0-ACD0-4098E122B9B1} = {F8ABED37-F566-4997-87D4-DE754C5E87FB}
		{0829FC2D-4C03-43A5-87ED-16832CF0BA11} = {2009DBED-E5F8-470A-A62F-C73F45EA277F}
		{23AE0934-D6F0-4C48-963C-FE15250C3599} = {1256E909-998C-4758-A967-082069A1230F}
		{C0E0048E-76E3-4BD9-A279-D9F4F5EB0578} = {D7AEE6D6-21DD-4D95-987B-60561350AA76}
		{DD7958B2-E8B4-4F4A-8777-2AE84286FCBE} = {4265175F-DD55-4F3D-9E48-979D1EAC676F}
		{C3C9EAF3-907B-465B-8139-FD2A5C390B97} = {CF3A8964-81A9-4D1D-A261-40BAD4EFC7CF}
	EndGlobalSection
	GlobalSection(ExtensibilityGlobals) = postSolution
		SolutionGuid = {146C51D4-939F-4CE2-8ECF-FAEE2BF98A64}
	EndGlobalSection
EndGlobal
